// !$*UTF8*$!
{
	archiveVersion = 1;
	classes = {
	};
	objectVersion = 56;
	objects = {

/* Begin PBXBuildFile section */
		0601463E2A3AEA79003001EE /* Extension+UIColor.swift in Sources */ = {isa = PBXBuildFile; fileRef = 0601463D2A3AEA79003001EE /* Extension+UIColor.swift */; };
		060146432A3AF394003001EE /* Alamofire in Frameworks */ = {isa = PBXBuildFile; productRef = 060146422A3AF394003001EE /* Alamofire */; };
		060146452A3AF43A003001EE /* NetworkManager.swift in Sources */ = {isa = PBXBuildFile; fileRef = 060146442A3AF43A003001EE /* NetworkManager.swift */; };
		060146472A3B53EB003001EE /* Config.swift in Sources */ = {isa = PBXBuildFile; fileRef = 060146462A3B53EB003001EE /* Config.swift */; };
		060146492A3B57C7003001EE /* TideCell.swift in Sources */ = {isa = PBXBuildFile; fileRef = 060146482A3B57C7003001EE /* TideCell.swift */; };
		060320512A44ACC50001FF12 /* ChartView.swift in Sources */ = {isa = PBXBuildFile; fileRef = 060320502A44ACC50001FF12 /* ChartView.swift */; };
		060320532A44B52F0001FF12 /* DetailActView.swift in Sources */ = {isa = PBXBuildFile; fileRef = 060320522A44B52F0001FF12 /* DetailActView.swift */; };
		063BA8F02A41BB9A00711932 /* IQKeyboardManagerSwift in Frameworks */ = {isa = PBXBuildFile; productRef = 063BA8EF2A41BB9A00711932 /* IQKeyboardManagerSwift */; };
		063BA8F22A42F03A00711932 /* CalendarCell.swift in Sources */ = {isa = PBXBuildFile; fileRef = 063BA8F12A42F03A00711932 /* CalendarCell.swift */; };
		063BA8F42A42F7F100711932 /* SectionDecorationView.swift in Sources */ = {isa = PBXBuildFile; fileRef = 063BA8F32A42F7F100711932 /* SectionDecorationView.swift */; };
		063BA8F62A42F91F00711932 /* AppLayouts.swift in Sources */ = {isa = PBXBuildFile; fileRef = 063BA8F52A42F91F00711932 /* AppLayouts.swift */; };
		063BA8F82A42FDC800711932 /* SummaryCell.swift in Sources */ = {isa = PBXBuildFile; fileRef = 063BA8F72A42FDC800711932 /* SummaryCell.swift */; };
		0644D9E52A405AF200F1A3A0 /* ProfileViewController.swift in Sources */ = {isa = PBXBuildFile; fileRef = 0644D9E42A405AF200F1A3A0 /* ProfileViewController.swift */; };
		0644D9E72A40943800F1A3A0 /* CloudKitViewModel.swift in Sources */ = {isa = PBXBuildFile; fileRef = 0644D9E62A40943800F1A3A0 /* CloudKitViewModel.swift */; };
		067833BD2A39D8B5000642F2 /* AppDelegate.swift in Sources */ = {isa = PBXBuildFile; fileRef = 067833BC2A39D8B5000642F2 /* AppDelegate.swift */; };
		067833BF2A39D8B5000642F2 /* SceneDelegate.swift in Sources */ = {isa = PBXBuildFile; fileRef = 067833BE2A39D8B5000642F2 /* SceneDelegate.swift */; };
		067833C12A39D8B5000642F2 /* TideViewController.swift in Sources */ = {isa = PBXBuildFile; fileRef = 067833C02A39D8B5000642F2 /* TideViewController.swift */; };
		067833C42A39D8B5000642F2 /* Main.storyboard in Resources */ = {isa = PBXBuildFile; fileRef = 067833C22A39D8B5000642F2 /* Main.storyboard */; };
		067833C62A39D8B6000642F2 /* Assets.xcassets in Resources */ = {isa = PBXBuildFile; fileRef = 067833C52A39D8B6000642F2 /* Assets.xcassets */; };
		067833C92A39D8B6000642F2 /* LaunchScreen.storyboard in Resources */ = {isa = PBXBuildFile; fileRef = 067833C72A39D8B6000642F2 /* LaunchScreen.storyboard */; };
		067833D72A39E5CB000642F2 /* Foundation.framework in Frameworks */ = {isa = PBXBuildFile; fileRef = 067833D62A39E5CB000642F2 /* Foundation.framework */; };
		0681DC5C2A3C833E00BCC367 /* WeatherData.swift in Sources */ = {isa = PBXBuildFile; fileRef = 0681DC5B2A3C833E00BCC367 /* WeatherData.swift */; };
		0681DC622A3D9F8E00BCC367 /* ActivitiesViewController.swift in Sources */ = {isa = PBXBuildFile; fileRef = 0681DC612A3D9F8E00BCC367 /* ActivitiesViewController.swift */; };
		0681DC662A3DD1B800BCC367 /* DivingLog.swift in Sources */ = {isa = PBXBuildFile; fileRef = 0681DC652A3DD1B800BCC367 /* DivingLog.swift */; };
		0681DC6D2A3EE2BF00BCC367 /* DiveCell.swift in Sources */ = {isa = PBXBuildFile; fileRef = 0681DC6C2A3EE2BF00BCC367 /* DiveCell.swift */; };
		0681DC6F2A3EF0C800BCC367 /* DetailActViewController.swift in Sources */ = {isa = PBXBuildFile; fileRef = 0681DC6E2A3EF0C800BCC367 /* DetailActViewController.swift */; };
		0681DC712A3F770E00BCC367 /* HealthKitManager.swift in Sources */ = {isa = PBXBuildFile; fileRef = 0681DC702A3F770E00BCC367 /* HealthKitManager.swift */; };
		0681DC732A4000BD00BCC367 /* TabBarController.swift in Sources */ = {isa = PBXBuildFile; fileRef = 0681DC722A4000BD00BCC367 /* TabBarController.swift */; };
		0682409A2A3C503700B69265 /* TaiwanDivingSite.geojson in Resources */ = {isa = PBXBuildFile; fileRef = 068240992A3C503700B69265 /* TaiwanDivingSite.geojson */; };
		0682409C2A3C54FB00B69265 /* Location.swift in Sources */ = {isa = PBXBuildFile; fileRef = 0682409B2A3C54FB00B69265 /* Location.swift */; };
		0682409E2A3C679800B69265 /* DetailTideViewController.swift in Sources */ = {isa = PBXBuildFile; fileRef = 0682409D2A3C679800B69265 /* DetailTideViewController.swift */; };
		06AD89B72A44210400E6C409 /* SectionHeader.swift in Sources */ = {isa = PBXBuildFile; fileRef = 06AD89B62A44210400E6C409 /* SectionHeader.swift */; };
		06AD89BB2A44554600E6C409 /* Extension+Double.swift in Sources */ = {isa = PBXBuildFile; fileRef = 06AD89BA2A44554600E6C409 /* Extension+Double.swift */; };
/* End PBXBuildFile section */

/* Begin PBXFileReference section */
		0601463D2A3AEA79003001EE /* Extension+UIColor.swift */ = {isa = PBXFileReference; lastKnownFileType = sourcecode.swift; path = "Extension+UIColor.swift"; sourceTree = "<group>"; };
		060146442A3AF43A003001EE /* NetworkManager.swift */ = {isa = PBXFileReference; lastKnownFileType = sourcecode.swift; path = NetworkManager.swift; sourceTree = "<group>"; };
		060146462A3B53EB003001EE /* Config.swift */ = {isa = PBXFileReference; lastKnownFileType = sourcecode.swift; path = Config.swift; sourceTree = "<group>"; };
		060146482A3B57C7003001EE /* TideCell.swift */ = {isa = PBXFileReference; lastKnownFileType = sourcecode.swift; path = TideCell.swift; sourceTree = "<group>"; };
		060320502A44ACC50001FF12 /* ChartView.swift */ = {isa = PBXFileReference; lastKnownFileType = sourcecode.swift; path = ChartView.swift; sourceTree = "<group>"; };
		060320522A44B52F0001FF12 /* DetailActView.swift */ = {isa = PBXFileReference; lastKnownFileType = sourcecode.swift; path = DetailActView.swift; sourceTree = "<group>"; };
		063BA8F12A42F03A00711932 /* CalendarCell.swift */ = {isa = PBXFileReference; lastKnownFileType = sourcecode.swift; path = CalendarCell.swift; sourceTree = "<group>"; };
		063BA8F32A42F7F100711932 /* SectionDecorationView.swift */ = {isa = PBXFileReference; lastKnownFileType = sourcecode.swift; name = SectionDecorationView.swift; path = LoveDive/View/SectionDecorationView.swift; sourceTree = SOURCE_ROOT; };
		063BA8F52A42F91F00711932 /* AppLayouts.swift */ = {isa = PBXFileReference; lastKnownFileType = sourcecode.swift; path = AppLayouts.swift; sourceTree = "<group>"; };
		063BA8F72A42FDC800711932 /* SummaryCell.swift */ = {isa = PBXFileReference; lastKnownFileType = sourcecode.swift; path = SummaryCell.swift; sourceTree = "<group>"; };
		0644D9E42A405AF200F1A3A0 /* ProfileViewController.swift */ = {isa = PBXFileReference; lastKnownFileType = sourcecode.swift; path = ProfileViewController.swift; sourceTree = "<group>"; };
		0644D9E62A40943800F1A3A0 /* CloudKitViewModel.swift */ = {isa = PBXFileReference; lastKnownFileType = sourcecode.swift; path = CloudKitViewModel.swift; sourceTree = "<group>"; };
		067833B92A39D8B5000642F2 /* LoveDive.app */ = {isa = PBXFileReference; explicitFileType = wrapper.application; includeInIndex = 0; path = LoveDive.app; sourceTree = BUILT_PRODUCTS_DIR; };
		067833BC2A39D8B5000642F2 /* AppDelegate.swift */ = {isa = PBXFileReference; lastKnownFileType = sourcecode.swift; path = AppDelegate.swift; sourceTree = "<group>"; };
		067833BE2A39D8B5000642F2 /* SceneDelegate.swift */ = {isa = PBXFileReference; lastKnownFileType = sourcecode.swift; path = SceneDelegate.swift; sourceTree = "<group>"; };
		067833C02A39D8B5000642F2 /* TideViewController.swift */ = {isa = PBXFileReference; lastKnownFileType = sourcecode.swift; path = TideViewController.swift; sourceTree = "<group>"; };
		067833C32A39D8B5000642F2 /* Base */ = {isa = PBXFileReference; lastKnownFileType = file.storyboard; name = Base; path = Base.lproj/Main.storyboard; sourceTree = "<group>"; };
		067833C52A39D8B6000642F2 /* Assets.xcassets */ = {isa = PBXFileReference; lastKnownFileType = folder.assetcatalog; path = Assets.xcassets; sourceTree = "<group>"; };
		067833C82A39D8B6000642F2 /* Base */ = {isa = PBXFileReference; lastKnownFileType = file.storyboard; name = Base; path = Base.lproj/LaunchScreen.storyboard; sourceTree = "<group>"; };
		067833CA2A39D8B6000642F2 /* Info.plist */ = {isa = PBXFileReference; lastKnownFileType = text.plist.xml; path = Info.plist; sourceTree = "<group>"; };
		067833D02A39D9FD000642F2 /* LoveDive.entitlements */ = {isa = PBXFileReference; lastKnownFileType = text.plist.entitlements; path = LoveDive.entitlements; sourceTree = "<group>"; };
		067833D62A39E5CB000642F2 /* Foundation.framework */ = {isa = PBXFileReference; lastKnownFileType = wrapper.framework; name = Foundation.framework; path = System/Library/Frameworks/Foundation.framework; sourceTree = SDKROOT; };
		0681DC5B2A3C833E00BCC367 /* WeatherData.swift */ = {isa = PBXFileReference; lastKnownFileType = sourcecode.swift; path = WeatherData.swift; sourceTree = "<group>"; };
		0681DC612A3D9F8E00BCC367 /* ActivitiesViewController.swift */ = {isa = PBXFileReference; lastKnownFileType = sourcecode.swift; path = ActivitiesViewController.swift; sourceTree = "<group>"; };
		0681DC652A3DD1B800BCC367 /* DivingLog.swift */ = {isa = PBXFileReference; lastKnownFileType = sourcecode.swift; path = DivingLog.swift; sourceTree = "<group>"; };
		0681DC6C2A3EE2BF00BCC367 /* DiveCell.swift */ = {isa = PBXFileReference; lastKnownFileType = sourcecode.swift; name = DiveCell.swift; path = LoveDive/View/DiveCell.swift; sourceTree = SOURCE_ROOT; };
		0681DC6E2A3EF0C800BCC367 /* DetailActViewController.swift */ = {isa = PBXFileReference; lastKnownFileType = sourcecode.swift; path = DetailActViewController.swift; sourceTree = "<group>"; };
		0681DC702A3F770E00BCC367 /* HealthKitManager.swift */ = {isa = PBXFileReference; lastKnownFileType = sourcecode.swift; path = HealthKitManager.swift; sourceTree = "<group>"; };
		0681DC722A4000BD00BCC367 /* TabBarController.swift */ = {isa = PBXFileReference; lastKnownFileType = sourcecode.swift; path = TabBarController.swift; sourceTree = "<group>"; };
		068240992A3C503700B69265 /* TaiwanDivingSite.geojson */ = {isa = PBXFileReference; fileEncoding = 4; lastKnownFileType = text; path = TaiwanDivingSite.geojson; sourceTree = "<group>"; };
		0682409B2A3C54FB00B69265 /* Location.swift */ = {isa = PBXFileReference; lastKnownFileType = sourcecode.swift; path = Location.swift; sourceTree = "<group>"; };
		0682409D2A3C679800B69265 /* DetailTideViewController.swift */ = {isa = PBXFileReference; lastKnownFileType = sourcecode.swift; path = DetailTideViewController.swift; sourceTree = "<group>"; };
		06AD89B62A44210400E6C409 /* SectionHeader.swift */ = {isa = PBXFileReference; lastKnownFileType = sourcecode.swift; path = SectionHeader.swift; sourceTree = "<group>"; };
		06AD89BA2A44554600E6C409 /* Extension+Double.swift */ = {isa = PBXFileReference; lastKnownFileType = sourcecode.swift; path = "Extension+Double.swift"; sourceTree = "<group>"; };
/* End PBXFileReference section */

/* Begin PBXFrameworksBuildPhase section */
		067833B62A39D8B5000642F2 /* Frameworks */ = {
			isa = PBXFrameworksBuildPhase;
			buildActionMask = 2147483647;
			files = (
				067833D72A39E5CB000642F2 /* Foundation.framework in Frameworks */,
				060146432A3AF394003001EE /* Alamofire in Frameworks */,
				063BA8F02A41BB9A00711932 /* IQKeyboardManagerSwift in Frameworks */,
			);
			runOnlyForDeploymentPostprocessing = 0;
		};
/* End PBXFrameworksBuildPhase section */

/* Begin PBXGroup section */
		067833B02A39D8B5000642F2 = {
			isa = PBXGroup;
			children = (
				067833BB2A39D8B5000642F2 /* LoveDive */,
				067833BA2A39D8B5000642F2 /* Products */,
				067833D52A39E5CB000642F2 /* Frameworks */,
			);
			sourceTree = "<group>";
		};
		067833BA2A39D8B5000642F2 /* Products */ = {
			isa = PBXGroup;
			children = (
				067833B92A39D8B5000642F2 /* LoveDive.app */,
			);
			name = Products;
			sourceTree = "<group>";
		};
		067833BB2A39D8B5000642F2 /* LoveDive */ = {
			isa = PBXGroup;
			children = (
				067833D02A39D9FD000642F2 /* LoveDive.entitlements */,
				067833BC2A39D8B5000642F2 /* AppDelegate.swift */,
				067833BE2A39D8B5000642F2 /* SceneDelegate.swift */,
				0681DC5E2A3CA51200BCC367 /* Extension */,
				0681DC5D2A3CA4F500BCC367 /* Model */,
				0681DC5F2A3CA52500BCC367 /* View */,
				0681DC602A3CA52F00BCC367 /* ViewController */,
				067833C52A39D8B6000642F2 /* Assets.xcassets */,
				067833CA2A39D8B6000642F2 /* Info.plist */,
				068240992A3C503700B69265 /* TaiwanDivingSite.geojson */,
			);
			path = LoveDive;
			sourceTree = "<group>";
		};
		067833D52A39E5CB000642F2 /* Frameworks */ = {
			isa = PBXGroup;
			children = (
				067833D62A39E5CB000642F2 /* Foundation.framework */,
			);
			name = Frameworks;
			sourceTree = "<group>";
		};
		0681DC5D2A3CA4F500BCC367 /* Model */ = {
			isa = PBXGroup;
			children = (
				060146462A3B53EB003001EE /* Config.swift */,
				063BA8F52A42F91F00711932 /* AppLayouts.swift */,
				0682409B2A3C54FB00B69265 /* Location.swift */,
				060146442A3AF43A003001EE /* NetworkManager.swift */,
				0681DC5B2A3C833E00BCC367 /* WeatherData.swift */,
				0681DC652A3DD1B800BCC367 /* DivingLog.swift */,
				0681DC702A3F770E00BCC367 /* HealthKitManager.swift */,
				0644D9E62A40943800F1A3A0 /* CloudKitViewModel.swift */,
			);
			path = Model;
			sourceTree = "<group>";
		};
		0681DC5E2A3CA51200BCC367 /* Extension */ = {
			isa = PBXGroup;
			children = (
				0601463D2A3AEA79003001EE /* Extension+UIColor.swift */,
				06AD89BA2A44554600E6C409 /* Extension+Double.swift */,
			);
			path = Extension;
			sourceTree = "<group>";
		};
		0681DC5F2A3CA52500BCC367 /* View */ = {
			isa = PBXGroup;
			children = (
				067833C72A39D8B6000642F2 /* LaunchScreen.storyboard */,
				067833C22A39D8B5000642F2 /* Main.storyboard */,
				060146482A3B57C7003001EE /* TideCell.swift */,
				0681DC6C2A3EE2BF00BCC367 /* DiveCell.swift */,
				063BA8F12A42F03A00711932 /* CalendarCell.swift */,
				063BA8F72A42FDC800711932 /* SummaryCell.swift */,
				06AD89B62A44210400E6C409 /* SectionHeader.swift */,
				063BA8F32A42F7F100711932 /* SectionDecorationView.swift */,
				060320522A44B52F0001FF12 /* DetailActView.swift */,
				060320502A44ACC50001FF12 /* ChartView.swift */,
			);
			path = View;
			sourceTree = "<group>";
		};
		0681DC602A3CA52F00BCC367 /* ViewController */ = {
			isa = PBXGroup;
			children = (
				0681DC722A4000BD00BCC367 /* TabBarController.swift */,
				067833C02A39D8B5000642F2 /* TideViewController.swift */,
				0682409D2A3C679800B69265 /* DetailTideViewController.swift */,
				0681DC612A3D9F8E00BCC367 /* ActivitiesViewController.swift */,
				0681DC6E2A3EF0C800BCC367 /* DetailActViewController.swift */,
				0644D9E42A405AF200F1A3A0 /* ProfileViewController.swift */,
			);
			path = ViewController;
			sourceTree = "<group>";
		};
/* End PBXGroup section */

/* Begin PBXNativeTarget section */
		067833B82A39D8B5000642F2 /* LoveDive */ = {
			isa = PBXNativeTarget;
			buildConfigurationList = 067833CD2A39D8B6000642F2 /* Build configuration list for PBXNativeTarget "LoveDive" */;
			buildPhases = (
				067833B52A39D8B5000642F2 /* Sources */,
				067833B62A39D8B5000642F2 /* Frameworks */,
				067833B72A39D8B5000642F2 /* Resources */,
				068240982A3C178D00B69265 /* ShellScript */,
			);
			buildRules = (
			);
			dependencies = (
			);
			name = LoveDive;
			packageProductDependencies = (
				060146422A3AF394003001EE /* Alamofire */,
				063BA8EF2A41BB9A00711932 /* IQKeyboardManagerSwift */,
			);
			productName = LoveDive;
			productReference = 067833B92A39D8B5000642F2 /* LoveDive.app */;
			productType = "com.apple.product-type.application";
		};
/* End PBXNativeTarget section */

/* Begin PBXProject section */
		067833B12A39D8B5000642F2 /* Project object */ = {
			isa = PBXProject;
			attributes = {
				BuildIndependentTargetsInParallel = 1;
				LastSwiftUpdateCheck = 1430;
				LastUpgradeCheck = 1430;
				TargetAttributes = {
					067833B82A39D8B5000642F2 = {
						CreatedOnToolsVersion = 14.3.1;
					};
				};
			};
			buildConfigurationList = 067833B42A39D8B5000642F2 /* Build configuration list for PBXProject "LoveDive" */;
			compatibilityVersion = "Xcode 14.0";
			developmentRegion = en;
			hasScannedForEncodings = 0;
			knownRegions = (
				en,
				Base,
			);
			mainGroup = 067833B02A39D8B5000642F2;
			packageReferences = (
				060146412A3AF394003001EE /* XCRemoteSwiftPackageReference "Alamofire" */,
				068240972A3C151300B69265 /* XCRemoteSwiftPackageReference "swift" */,
				063BA8EE2A41BB9A00711932 /* XCRemoteSwiftPackageReference "IQKeyboardManager" */,
			);
			productRefGroup = 067833BA2A39D8B5000642F2 /* Products */;
			projectDirPath = "";
			projectRoot = "";
			targets = (
				067833B82A39D8B5000642F2 /* LoveDive */,
			);
		};
/* End PBXProject section */

/* Begin PBXResourcesBuildPhase section */
		067833B72A39D8B5000642F2 /* Resources */ = {
			isa = PBXResourcesBuildPhase;
			buildActionMask = 2147483647;
			files = (
				067833C92A39D8B6000642F2 /* LaunchScreen.storyboard in Resources */,
				0682409A2A3C503700B69265 /* TaiwanDivingSite.geojson in Resources */,
				067833C62A39D8B6000642F2 /* Assets.xcassets in Resources */,
				067833C42A39D8B5000642F2 /* Main.storyboard in Resources */,
			);
			runOnlyForDeploymentPostprocessing = 0;
		};
/* End PBXResourcesBuildPhase section */

/* Begin PBXShellScriptBuildPhase section */
		068240982A3C178D00B69265 /* ShellScript */ = {
			isa = PBXShellScriptBuildPhase;
			buildActionMask = 2147483647;
			files = (
			);
			inputFileListPaths = (
			);
			inputPaths = (
			);
			outputFileListPaths = (
			);
			outputPaths = (
			);
			runOnlyForDeploymentPostprocessing = 0;
			shellPath = /bin/sh;
			shellScript = "# Type a script or drag a script file from your workspace to insert its path.\nif [[ \"$(uname -m)\" == arm64 ]]; then\n    export PATH=\"/opt/homebrew/bin:$PATH\"\nfi\n\nif which swiftlint > /dev/null; then\n  swiftlint\nelse\n  echo \"warning: SwiftLint not installed, download from https://github.com/realm/SwiftLint\"\nfi\n\nset -e\n\ndefaults write com.apple.dt.Xcode AutomaticallyCheckSpellingWhileTyping -bool YES\n\ndefaults write com.apple.dt.Xcode DVTTextEditorTrimTrailingWhitespace -bool YES\ndefaults write com.apple.dt.Xcode DVTTextEditorTrimWhitespaceOnlyLines -bool YES\n\ndefaults write com.apple.dt.Xcode DVTTextIndentTabWidth -int 2\ndefaults write com.apple.dt.Xcode DVTTextIndentWidth -int 2\n\ndefaults write com.apple.dt.Xcode DVTTextPageGuideLocation -int 100\n";
		};
/* End PBXShellScriptBuildPhase section */

/* Begin PBXSourcesBuildPhase section */
		067833B52A39D8B5000642F2 /* Sources */ = {
			isa = PBXSourcesBuildPhase;
			buildActionMask = 2147483647;
			files = (
				0644D9E72A40943800F1A3A0 /* CloudKitViewModel.swift in Sources */,
				060320512A44ACC50001FF12 /* ChartView.swift in Sources */,
				0682409E2A3C679800B69265 /* DetailTideViewController.swift in Sources */,
				0681DC6F2A3EF0C800BCC367 /* DetailActViewController.swift in Sources */,
				060320532A44B52F0001FF12 /* DetailActView.swift in Sources */,
				067833C12A39D8B5000642F2 /* TideViewController.swift in Sources */,
				06AD89BB2A44554600E6C409 /* Extension+Double.swift in Sources */,
				06AD89B72A44210400E6C409 /* SectionHeader.swift in Sources */,
				063BA8F82A42FDC800711932 /* SummaryCell.swift in Sources */,
				060146472A3B53EB003001EE /* Config.swift in Sources */,
				0681DC622A3D9F8E00BCC367 /* ActivitiesViewController.swift in Sources */,
				0682409C2A3C54FB00B69265 /* Location.swift in Sources */,
				067833BD2A39D8B5000642F2 /* AppDelegate.swift in Sources */,
				0644D9E52A405AF200F1A3A0 /* ProfileViewController.swift in Sources */,
				060146492A3B57C7003001EE /* TideCell.swift in Sources */,
				063BA8F22A42F03A00711932 /* CalendarCell.swift in Sources */,
				0681DC6D2A3EE2BF00BCC367 /* DiveCell.swift in Sources */,
				0681DC712A3F770E00BCC367 /* HealthKitManager.swift in Sources */,
				0681DC5C2A3C833E00BCC367 /* WeatherData.swift in Sources */,
				063BA8F42A42F7F100711932 /* SectionDecorationView.swift in Sources */,
				060146452A3AF43A003001EE /* NetworkManager.swift in Sources */,
				067833BF2A39D8B5000642F2 /* SceneDelegate.swift in Sources */,
				0601463E2A3AEA79003001EE /* Extension+UIColor.swift in Sources */,
				0681DC662A3DD1B800BCC367 /* DivingLog.swift in Sources */,
				0681DC732A4000BD00BCC367 /* TabBarController.swift in Sources */,
				063BA8F62A42F91F00711932 /* AppLayouts.swift in Sources */,
			);
			runOnlyForDeploymentPostprocessing = 0;
		};
/* End PBXSourcesBuildPhase section */

/* Begin PBXVariantGroup section */
		067833C22A39D8B5000642F2 /* Main.storyboard */ = {
			isa = PBXVariantGroup;
			children = (
				067833C32A39D8B5000642F2 /* Base */,
			);
			name = Main.storyboard;
			sourceTree = "<group>";
		};
		067833C72A39D8B6000642F2 /* LaunchScreen.storyboard */ = {
			isa = PBXVariantGroup;
			children = (
				067833C82A39D8B6000642F2 /* Base */,
			);
			name = LaunchScreen.storyboard;
			sourceTree = "<group>";
		};
/* End PBXVariantGroup section */

/* Begin XCBuildConfiguration section */
		067833CB2A39D8B6000642F2 /* Debug */ = {
			isa = XCBuildConfiguration;
			buildSettings = {
				ALWAYS_SEARCH_USER_PATHS = NO;
				CLANG_ANALYZER_NONNULL = YES;
				CLANG_ANALYZER_NUMBER_OBJECT_CONVERSION = YES_AGGRESSIVE;
				CLANG_CXX_LANGUAGE_STANDARD = "gnu++20";
				CLANG_ENABLE_MODULES = YES;
				CLANG_ENABLE_OBJC_ARC = YES;
				CLANG_ENABLE_OBJC_WEAK = YES;
				CLANG_WARN_BLOCK_CAPTURE_AUTORELEASING = YES;
				CLANG_WARN_BOOL_CONVERSION = YES;
				CLANG_WARN_COMMA = YES;
				CLANG_WARN_CONSTANT_CONVERSION = YES;
				CLANG_WARN_DEPRECATED_OBJC_IMPLEMENTATIONS = YES;
				CLANG_WARN_DIRECT_OBJC_ISA_USAGE = YES_ERROR;
				CLANG_WARN_DOCUMENTATION_COMMENTS = YES;
				CLANG_WARN_EMPTY_BODY = YES;
				CLANG_WARN_ENUM_CONVERSION = YES;
				CLANG_WARN_INFINITE_RECURSION = YES;
				CLANG_WARN_INT_CONVERSION = YES;
				CLANG_WARN_NON_LITERAL_NULL_CONVERSION = YES;
				CLANG_WARN_OBJC_IMPLICIT_RETAIN_SELF = YES;
				CLANG_WARN_OBJC_LITERAL_CONVERSION = YES;
				CLANG_WARN_OBJC_ROOT_CLASS = YES_ERROR;
				CLANG_WARN_QUOTED_INCLUDE_IN_FRAMEWORK_HEADER = YES;
				CLANG_WARN_RANGE_LOOP_ANALYSIS = YES;
				CLANG_WARN_STRICT_PROTOTYPES = YES;
				CLANG_WARN_SUSPICIOUS_MOVE = YES;
				CLANG_WARN_UNGUARDED_AVAILABILITY = YES_AGGRESSIVE;
				CLANG_WARN_UNREACHABLE_CODE = YES;
				CLANG_WARN__DUPLICATE_METHOD_MATCH = YES;
				COPY_PHASE_STRIP = NO;
				DEBUG_INFORMATION_FORMAT = dwarf;
				ENABLE_STRICT_OBJC_MSGSEND = YES;
				ENABLE_TESTABILITY = YES;
				GCC_C_LANGUAGE_STANDARD = gnu11;
				GCC_DYNAMIC_NO_PIC = NO;
				GCC_NO_COMMON_BLOCKS = YES;
				GCC_OPTIMIZATION_LEVEL = 0;
				GCC_PREPROCESSOR_DEFINITIONS = (
					"DEBUG=1",
					"$(inherited)",
				);
				GCC_WARN_64_TO_32_BIT_CONVERSION = YES;
				GCC_WARN_ABOUT_RETURN_TYPE = YES_ERROR;
				GCC_WARN_UNDECLARED_SELECTOR = YES;
				GCC_WARN_UNINITIALIZED_AUTOS = YES_AGGRESSIVE;
				GCC_WARN_UNUSED_FUNCTION = YES;
				GCC_WARN_UNUSED_VARIABLE = YES;
				IPHONEOS_DEPLOYMENT_TARGET = 16.4;
				MTL_ENABLE_DEBUG_INFO = INCLUDE_SOURCE;
				MTL_FAST_MATH = YES;
				ONLY_ACTIVE_ARCH = YES;
				SDKROOT = iphoneos;
				SWIFT_ACTIVE_COMPILATION_CONDITIONS = DEBUG;
				SWIFT_OPTIMIZATION_LEVEL = "-Onone";
			};
			name = Debug;
		};
		067833CC2A39D8B6000642F2 /* Release */ = {
			isa = XCBuildConfiguration;
			buildSettings = {
				ALWAYS_SEARCH_USER_PATHS = NO;
				CLANG_ANALYZER_NONNULL = YES;
				CLANG_ANALYZER_NUMBER_OBJECT_CONVERSION = YES_AGGRESSIVE;
				CLANG_CXX_LANGUAGE_STANDARD = "gnu++20";
				CLANG_ENABLE_MODULES = YES;
				CLANG_ENABLE_OBJC_ARC = YES;
				CLANG_ENABLE_OBJC_WEAK = YES;
				CLANG_WARN_BLOCK_CAPTURE_AUTORELEASING = YES;
				CLANG_WARN_BOOL_CONVERSION = YES;
				CLANG_WARN_COMMA = YES;
				CLANG_WARN_CONSTANT_CONVERSION = YES;
				CLANG_WARN_DEPRECATED_OBJC_IMPLEMENTATIONS = YES;
				CLANG_WARN_DIRECT_OBJC_ISA_USAGE = YES_ERROR;
				CLANG_WARN_DOCUMENTATION_COMMENTS = YES;
				CLANG_WARN_EMPTY_BODY = YES;
				CLANG_WARN_ENUM_CONVERSION = YES;
				CLANG_WARN_INFINITE_RECURSION = YES;
				CLANG_WARN_INT_CONVERSION = YES;
				CLANG_WARN_NON_LITERAL_NULL_CONVERSION = YES;
				CLANG_WARN_OBJC_IMPLICIT_RETAIN_SELF = YES;
				CLANG_WARN_OBJC_LITERAL_CONVERSION = YES;
				CLANG_WARN_OBJC_ROOT_CLASS = YES_ERROR;
				CLANG_WARN_QUOTED_INCLUDE_IN_FRAMEWORK_HEADER = YES;
				CLANG_WARN_RANGE_LOOP_ANALYSIS = YES;
				CLANG_WARN_STRICT_PROTOTYPES = YES;
				CLANG_WARN_SUSPICIOUS_MOVE = YES;
				CLANG_WARN_UNGUARDED_AVAILABILITY = YES_AGGRESSIVE;
				CLANG_WARN_UNREACHABLE_CODE = YES;
				CLANG_WARN__DUPLICATE_METHOD_MATCH = YES;
				COPY_PHASE_STRIP = NO;
				DEBUG_INFORMATION_FORMAT = "dwarf-with-dsym";
				ENABLE_NS_ASSERTIONS = NO;
				ENABLE_STRICT_OBJC_MSGSEND = YES;
				GCC_C_LANGUAGE_STANDARD = gnu11;
				GCC_NO_COMMON_BLOCKS = YES;
				GCC_WARN_64_TO_32_BIT_CONVERSION = YES;
				GCC_WARN_ABOUT_RETURN_TYPE = YES_ERROR;
				GCC_WARN_UNDECLARED_SELECTOR = YES;
				GCC_WARN_UNINITIALIZED_AUTOS = YES_AGGRESSIVE;
				GCC_WARN_UNUSED_FUNCTION = YES;
				GCC_WARN_UNUSED_VARIABLE = YES;
				IPHONEOS_DEPLOYMENT_TARGET = 16.4;
				MTL_ENABLE_DEBUG_INFO = NO;
				MTL_FAST_MATH = YES;
				SDKROOT = iphoneos;
				SWIFT_COMPILATION_MODE = wholemodule;
				SWIFT_OPTIMIZATION_LEVEL = "-O";
				VALIDATE_PRODUCT = YES;
			};
			name = Release;
		};
		067833CE2A39D8B6000642F2 /* Debug */ = {
			isa = XCBuildConfiguration;
			buildSettings = {
				ASSETCATALOG_COMPILER_APPICON_NAME = AppIcon;
				ASSETCATALOG_COMPILER_GLOBAL_ACCENT_COLOR_NAME = AccentColor;
				CODE_SIGN_ENTITLEMENTS = LoveDive/LoveDive.entitlements;
				CODE_SIGN_STYLE = Automatic;
				CURRENT_PROJECT_VERSION = 1;
				DEVELOPMENT_TEAM = TY22MAR92C;
				GENERATE_INFOPLIST_FILE = YES;
				INFOPLIST_FILE = LoveDive/Info.plist;
				INFOPLIST_KEY_CFBundleDisplayName = "Love Dive";
				INFOPLIST_KEY_LSApplicationCategoryType = "public.app-category.healthcare-fitness";
				INFOPLIST_KEY_NSHealthShareUsageDescription = "We use health data to help you track underwater depth and water temperature during your diving activities";
				INFOPLIST_KEY_NSHealthUpdateUsageDescription = "This App shares underwater depth and water temperature with HealthKit.";
				INFOPLIST_KEY_UIApplicationSupportsIndirectInputEvents = YES;
				INFOPLIST_KEY_UILaunchStoryboardName = LaunchScreen;
				INFOPLIST_KEY_UIMainStoryboardFile = Main;
				INFOPLIST_KEY_UISupportedInterfaceOrientations = UIInterfaceOrientationPortrait;
				IPHONEOS_DEPLOYMENT_TARGET = 16.0;
				LD_RUNPATH_SEARCH_PATHS = (
					"$(inherited)",
					"@executable_path/Frameworks",
				);
				MARKETING_VERSION = 1.0.1;
				PRODUCT_BUNDLE_IDENTIFIER = lkangting.com.LoveDive;
				PRODUCT_NAME = "$(TARGET_NAME)";
				SUPPORTED_PLATFORMS = "iphoneos iphonesimulator";
				SUPPORTS_MACCATALYST = NO;
				SUPPORTS_MAC_DESIGNED_FOR_IPHONE_IPAD = NO;
				SWIFT_EMIT_LOC_STRINGS = YES;
				SWIFT_VERSION = 5.0;
				TARGETED_DEVICE_FAMILY = 1;
			};
			name = Debug;
		};
		067833CF2A39D8B6000642F2 /* Release */ = {
			isa = XCBuildConfiguration;
			buildSettings = {
				ASSETCATALOG_COMPILER_APPICON_NAME = AppIcon;
				ASSETCATALOG_COMPILER_GLOBAL_ACCENT_COLOR_NAME = AccentColor;
				CODE_SIGN_ENTITLEMENTS = LoveDive/LoveDive.entitlements;
				CODE_SIGN_STYLE = Automatic;
				CURRENT_PROJECT_VERSION = 1;
				DEVELOPMENT_TEAM = TY22MAR92C;
				GENERATE_INFOPLIST_FILE = YES;
				INFOPLIST_FILE = LoveDive/Info.plist;
				INFOPLIST_KEY_CFBundleDisplayName = "Love Dive";
				INFOPLIST_KEY_LSApplicationCategoryType = "public.app-category.healthcare-fitness";
				INFOPLIST_KEY_NSHealthShareUsageDescription = "We use health data to help you track underwater depth and water temperature during your diving activities";
				INFOPLIST_KEY_NSHealthUpdateUsageDescription = "This App shares underwater depth and water temperature with HealthKit.";
				INFOPLIST_KEY_UIApplicationSupportsIndirectInputEvents = YES;
				INFOPLIST_KEY_UILaunchStoryboardName = LaunchScreen;
				INFOPLIST_KEY_UIMainStoryboardFile = Main;
				INFOPLIST_KEY_UISupportedInterfaceOrientations = UIInterfaceOrientationPortrait;
				IPHONEOS_DEPLOYMENT_TARGET = 16.0;
				LD_RUNPATH_SEARCH_PATHS = (
					"$(inherited)",
					"@executable_path/Frameworks",
				);
				MARKETING_VERSION = 1.0.1;
				PRODUCT_BUNDLE_IDENTIFIER = lkangting.com.LoveDive;
				PRODUCT_NAME = "$(TARGET_NAME)";
				SUPPORTED_PLATFORMS = "iphoneos iphonesimulator";
				SUPPORTS_MACCATALYST = NO;
				SUPPORTS_MAC_DESIGNED_FOR_IPHONE_IPAD = NO;
				SWIFT_EMIT_LOC_STRINGS = YES;
				SWIFT_VERSION = 5.0;
				TARGETED_DEVICE_FAMILY = 1;
			};
			name = Release;
		};
/* End XCBuildConfiguration section */

/* Begin XCConfigurationList section */
		067833B42A39D8B5000642F2 /* Build configuration list for PBXProject "LoveDive" */ = {
			isa = XCConfigurationList;
			buildConfigurations = (
				067833CB2A39D8B6000642F2 /* Debug */,
				067833CC2A39D8B6000642F2 /* Release */,
			);
			defaultConfigurationIsVisible = 0;
			defaultConfigurationName = Release;
		};
		067833CD2A39D8B6000642F2 /* Build configuration list for PBXNativeTarget "LoveDive" */ = {
			isa = XCConfigurationList;
			buildConfigurations = (
				067833CE2A39D8B6000642F2 /* Debug */,
				067833CF2A39D8B6000642F2 /* Release */,
			);
			defaultConfigurationIsVisible = 0;
			defaultConfigurationName = Release;
		};
/* End XCConfigurationList section */

/* Begin XCRemoteSwiftPackageReference section */
		060146412A3AF394003001EE /* XCRemoteSwiftPackageReference "Alamofire" */ = {
			isa = XCRemoteSwiftPackageReference;
			repositoryURL = "https://github.com/Alamofire/Alamofire.git";
			requirement = {
				kind = upToNextMajorVersion;
				minimumVersion = 5.0.0;
			};
		};
		063BA8EE2A41BB9A00711932 /* XCRemoteSwiftPackageReference "IQKeyboardManager" */ = {
			isa = XCRemoteSwiftPackageReference;
			repositoryURL = "https://github.com/hackiftekhar/IQKeyboardManager.git";
			requirement = {
				kind = upToNextMajorVersion;
				minimumVersion = 6.0.0;
			};
		};
		068240972A3C151300B69265 /* XCRemoteSwiftPackageReference "swift" */ = {
			isa = XCRemoteSwiftPackageReference;
			repositoryURL = "https://github.com/airbnb/swift.git";
			requirement = {
				kind = upToNextMajorVersion;
				minimumVersion = 1.0.0;
			};
		};
/* End XCRemoteSwiftPackageReference section */

/* Begin XCSwiftPackageProductDependency section */
		060146422A3AF394003001EE /* Alamofire */ = {
			isa = XCSwiftPackageProductDependency;
			package = 060146412A3AF394003001EE /* XCRemoteSwiftPackageReference "Alamofire" */;
			productName = Alamofire;
		};
		063BA8EF2A41BB9A00711932 /* IQKeyboardManagerSwift */ = {
			isa = XCSwiftPackageProductDependency;
			package = 063BA8EE2A41BB9A00711932 /* XCRemoteSwiftPackageReference "IQKeyboardManager" */;
			productName = IQKeyboardManagerSwift;
		};
/* End XCSwiftPackageProductDependency section */
	};
	rootObject = 067833B12A39D8B5000642F2 /* Project object */;
}
